PODS:
  - 25519 (2.0.2)
  - HKDFKit (0.0.3)
  - ProtocolBuffers (1.9.9.2)

DEPENDENCIES:
  - 25519 (~> 2.0.1)
  - HKDFKit (~> 0.0.3)
  - ProtocolBuffers (~> 1.9.7)

SPEC CHECKSUMS:
  '25519': dc4bad7e2dbcbf1efa121068a705a44cd98c80fc
  HKDFKit: c058305d6f64b84f28c50bd7aa89574625bcb62a
  ProtocolBuffers: 7111461618460961e6b7469177ec45ee551b4f0e

COCOAPODS: 0.39.0
